// !$*UTF8*$!
{
	archiveVersion = 1;
	classes = {
	};
	objectVersion = 77;
	objects = {

/* Begin PBXBuildFile section */
		A9E361792D506DA4002B1628 /* FirebaseAuth in Frameworks */ = {isa = PBXBuildFile; productRef = A9E361782D506DA4002B1628 /* FirebaseAuth */; };
		A9E3617B2D506DA4002B1628 /* FirebaseStorage in Frameworks */ = {isa = PBXBuildFile; productRef = A9E3617A2D506DA4002B1628 /* FirebaseStorage */; };
/* End PBXBuildFile section */

/* Begin PBXContainerItemProxy section */
		A9E3615B2D5069E3002B1628 /* PBXContainerItemProxy */ = {
			isa = PBXContainerItemProxy;
			containerPortal = A9E361402D5069E1002B1628 /* Project object */;
			proxyType = 1;
			remoteGlobalIDString = A9E361472D5069E1002B1628;
			remoteInfo = "AI Smart Dating";
		};
		A9E361652D5069E3002B1628 /* PBXContainerItemProxy */ = {
			isa = PBXContainerItemProxy;
			containerPortal = A9E361402D5069E1002B1628 /* Project object */;
			proxyType = 1;
			remoteGlobalIDString = A9E361472D5069E1002B1628;
			remoteInfo = "AI Smart Dating";
		};
/* End PBXContainerItemProxy section */

/* Begin PBXFileReference section */
		A9E361482D5069E1002B1628 /* AI Smart Dating.app */ = {isa = PBXFileReference; explicitFileType = wrapper.application; includeInIndex = 0; path = "AI Smart Dating.app"; sourceTree = BUILT_PRODUCTS_DIR; };
		A9E3615A2D5069E3002B1628 /* AI Smart DatingTests.xctest */ = {isa = PBXFileReference; explicitFileType = wrapper.cfbundle; includeInIndex = 0; path = "AI Smart DatingTests.xctest"; sourceTree = BUILT_PRODUCTS_DIR; };
		A9E361642D5069E3002B1628 /* AI Smart DatingUITests.xctest */ = {isa = PBXFileReference; explicitFileType = wrapper.cfbundle; includeInIndex = 0; path = "AI Smart DatingUITests.xctest"; sourceTree = BUILT_PRODUCTS_DIR; };
/* End PBXFileReference section */

/* Begin PBXFileSystemSynchronizedBuildFileExceptionSet section */
		A9E361802D506EC8002B1628 /* Exceptions for "AI Smart Dating" folder in "AI Smart DatingTests" target */ = {
			isa = PBXFileSystemSynchronizedBuildFileExceptionSet;
			membershipExceptions = (
				"GoogleService-Info.plist",
			);
			target = A9E361592D5069E3002B1628 /* AI Smart DatingTests */;
		};
		A9E361812D506EC8002B1628 /* Exceptions for "AI Smart Dating" folder in "AI Smart DatingUITests" target */ = {
			isa = PBXFileSystemSynchronizedBuildFileExceptionSet;
			membershipExceptions = (
				"GoogleService-Info.plist",
			);
			target = A9E361632D5069E3002B1628 /* AI Smart DatingUITests */;
		};
/* End PBXFileSystemSynchronizedBuildFileExceptionSet section */

/* Begin PBXFileSystemSynchronizedRootGroup section */
		A9E3614A2D5069E1002B1628 /* AI Smart Dating */ = {
			isa = PBXFileSystemSynchronizedRootGroup;
			exceptions = (
				A9E361802D506EC8002B1628 /* Exceptions for "AI Smart Dating" folder in "AI Smart DatingTests" target */,
				A9E361812D506EC8002B1628 /* Exceptions for "AI Smart Dating" folder in "AI Smart DatingUITests" target */,
			);
			path = "AI Smart Dating";
			sourceTree = "<group>";
		};
		A9E3615D2D5069E3002B1628 /* AI Smart DatingTests */ = {
			isa = PBXFileSystemSynchronizedRootGroup;
			path = "AI Smart DatingTests";
			sourceTree = "<group>";
		};
		A9E361672D5069E3002B1628 /* AI Smart DatingUITests */ = {
			isa = PBXFileSystemSynchronizedRootGroup;
			path = "AI Smart DatingUITests";
			sourceTree = "<group>";
		};
/* End PBXFileSystemSynchronizedRootGroup section */

/* Begin PBXFrameworksBuildPhase section */
		A9E361452D5069E1002B1628 /* Frameworks */ = {
			isa = PBXFrameworksBuildPhase;
			buildActionMask = 2147483647;
			files = (
				A9E361792D506DA4002B1628 /* FirebaseAuth in Frameworks */,
				A9E3617B2D506DA4002B1628 /* FirebaseStorage in Frameworks */,
			);
			runOnlyForDeploymentPostprocessing = 0;
		};
		A9E361572D5069E3002B1628 /* Frameworks */ = {
			isa = PBXFrameworksBuildPhase;
			buildActionMask = 2147483647;
			files = (
			);
			runOnlyForDeploymentPostprocessing = 0;
		};
		A9E361612D5069E3002B1628 /* Frameworks */ = {
			isa = PBXFrameworksBuildPhase;
			buildActionMask = 2147483647;
			files = (
			);
			runOnlyForDeploymentPostprocessing = 0;
		};
/* End PBXFrameworksBuildPhase section */

/* Begin PBXGroup section */
		A9E3613F2D5069E1002B1628 = {
			isa = PBXGroup;
			children = (
				A9E3614A2D5069E1002B1628 /* AI Smart Dating */,
				A9E3615D2D5069E3002B1628 /* AI Smart DatingTests */,
				A9E361672D5069E3002B1628 /* AI Smart DatingUITests */,
				A9E361492D5069E1002B1628 /* Products */,
			);
			sourceTree = "<group>";
		};
		A9E361492D5069E1002B1628 /* Products */ = {
			isa = PBXGroup;
			children = (
				A9E361482D5069E1002B1628 /* AI Smart Dating.app */,
				A9E3615A2D5069E3002B1628 /* AI Smart DatingTests.xctest */,
				A9E361642D5069E3002B1628 /* AI Smart DatingUITests.xctest */,
			);
			name = Products;
			sourceTree = "<group>";
		};
/* End PBXGroup section */

/* Begin PBXNativeTarget section */
		A9E361472D5069E1002B1628 /* AI Smart Dating */ = {
			isa = PBXNativeTarget;
			buildConfigurationList = A9E3616E2D5069E3002B1628 /* Build configuration list for PBXNativeTarget "AI Smart Dating" */;
			buildPhases = (
				A9E361442D5069E1002B1628 /* Sources */,
				A9E361452D5069E1002B1628 /* Frameworks */,
				A9E361462D5069E1002B1628 /* Resources */,
			);
			buildRules = (
			);
			dependencies = (
			);
			fileSystemSynchronizedGroups = (
				A9E3614A2D5069E1002B1628 /* AI Smart Dating */,
			);
			name = "AI Smart Dating";
			packageProductDependencies = (
				A9E361782D506DA4002B1628 /* FirebaseAuth */,
				A9E3617A2D506DA4002B1628 /* FirebaseStorage */,
			);
			productName = "AI Smart Dating";
			productReference = A9E361482D5069E1002B1628 /* AI Smart Dating.app */;
			productType = "com.apple.product-type.application";
		};
		A9E361592D5069E3002B1628 /* AI Smart DatingTests */ = {
			isa = PBXNativeTarget;
			buildConfigurationList = A9E361712D5069E3002B1628 /* Build configuration list for PBXNativeTarget "AI Smart DatingTests" */;
			buildPhases = (
				A9E361562D5069E3002B1628 /* Sources */,
				A9E361572D5069E3002B1628 /* Frameworks */,
				A9E361582D5069E3002B1628 /* Resources */,
			);
			buildRules = (
			);
			dependencies = (
				A9E3615C2D5069E3002B1628 /* PBXTargetDependency */,
			);
			fileSystemSynchronizedGroups = (
				A9E3615D2D5069E3002B1628 /* AI Smart DatingTests */,
			);
			name = "AI Smart DatingTests";
			packageProductDependencies = (
			);
			productName = "AI Smart DatingTests";
			productReference = A9E3615A2D5069E3002B1628 /* AI Smart DatingTests.xctest */;
			productType = "com.apple.product-type.bundle.unit-test";
		};
		A9E361632D5069E3002B1628 /* AI Smart DatingUITests */ = {
			isa = PBXNativeTarget;
			buildConfigurationList = A9E361742D5069E3002B1628 /* Build configuration list for PBXNativeTarget "AI Smart DatingUITests" */;
			buildPhases = (
				A9E361602D5069E3002B1628 /* Sources */,
				A9E361612D5069E3002B1628 /* Frameworks */,
				A9E361622D5069E3002B1628 /* Resources */,
			);
			buildRules = (
			);
			dependencies = (
				A9E361662D5069E3002B1628 /* PBXTargetDependency */,
			);
			fileSystemSynchronizedGroups = (
				A9E361672D5069E3002B1628 /* AI Smart DatingUITests */,
			);
			name = "AI Smart DatingUITests";
			packageProductDependencies = (
			);
			productName = "AI Smart DatingUITests";
			productReference = A9E361642D5069E3002B1628 /* AI Smart DatingUITests.xctest */;
			productType = "com.apple.product-type.bundle.ui-testing";
		};
/* End PBXNativeTarget section */

/* Begin PBXProject section */
		A9E361402D5069E1002B1628 /* Project object */ = {
			isa = PBXProject;
			attributes = {
				BuildIndependentTargetsInParallel = 1;
				LastSwiftUpdateCheck = 1620;
				LastUpgradeCheck = 1620;
				TargetAttributes = {
					A9E361472D5069E1002B1628 = {
						CreatedOnToolsVersion = 16.2;
					};
					A9E361592D5069E3002B1628 = {
						CreatedOnToolsVersion = 16.2;
						TestTargetID = A9E361472D5069E1002B1628;
					};
					A9E361632D5069E3002B1628 = {
						CreatedOnToolsVersion = 16.2;
						TestTargetID = A9E361472D5069E1002B1628;
					};
				};
			};
			buildConfigurationList = A9E361432D5069E1002B1628 /* Build configuration list for PBXProject "AI Smart Dating" */;
			developmentRegion = en;
			hasScannedForEncodings = 0;
			knownRegions = (
				en,
				Base,
			);
			mainGroup = A9E3613F2D5069E1002B1628;
			minimizedProjectReferenceProxies = 1;
			packageReferences = (
				A9E361772D506DA4002B1628 /* XCRemoteSwiftPackageReference "firebase-ios-sdk" */,
			);
			preferredProjectObjectVersion = 77;
			productRefGroup = A9E361492D5069E1002B1628 /* Products */;
			projectDirPath = "";
			projectRoot = "";
			targets = (
				A9E361472D5069E1002B1628 /* AI Smart Dating */,
				A9E361592D5069E3002B1628 /* AI Smart DatingTests */,
				A9E361632D5069E3002B1628 /* AI Smart DatingUITests */,
			);
		};
/* End PBXProject section */

/* Begin PBXResourcesBuildPhase section */
		A9E361462D5069E1002B1628 /* Resources */ = {
			isa = PBXResourcesBuildPhase;
			buildActionMask = 2147483647;
			files = (
			);
			runOnlyForDeploymentPostprocessing = 0;
		};
		A9E361582D5069E3002B1628 /* Resources */ = {
			isa = PBXResourcesBuildPhase;
			buildActionMask = 2147483647;
			files = (
			);
			runOnlyForDeploymentPostprocessing = 0;
		};
		A9E361622D5069E3002B1628 /* Resources */ = {
			isa = PBXResourcesBuildPhase;
			buildActionMask = 2147483647;
			files = (
			);
			runOnlyForDeploymentPostprocessing = 0;
		};
/* End PBXResourcesBuildPhase section */

/* Begin PBXSourcesBuildPhase section */
		A9E361442D5069E1002B1628 /* Sources */ = {
			isa = PBXSourcesBuildPhase;
			buildActionMask = 2147483647;
			files = (
			);
			runOnlyForDeploymentPostprocessing = 0;
		};
		A9E361562D5069E3002B1628 /* Sources */ = {
			isa = PBXSourcesBuildPhase;
			buildActionMask = 2147483647;
			files = (
			);
			runOnlyForDeploymentPostprocessing = 0;
		};
		A9E361602D5069E3002B1628 /* Sources */ = {
			isa = PBXSourcesBuildPhase;
			buildActionMask = 2147483647;
			files = (
			);
			runOnlyForDeploymentPostprocessing = 0;
		};
/* End PBXSourcesBuildPhase section */

/* Begin PBXTargetDependency section */
		A9E3615C2D5069E3002B1628 /* PBXTargetDependency */ = {
			isa = PBXTargetDependency;
			target = A9E361472D5069E1002B1628 /* AI Smart Dating */;
			targetProxy = A9E3615B2D5069E3002B1628 /* PBXContainerItemProxy */;
		};
		A9E361662D5069E3002B1628 /* PBXTargetDependency */ = {
			isa = PBXTargetDependency;
			target = A9E361472D5069E1002B1628 /* AI Smart Dating */;
			targetProxy = A9E361652D5069E3002B1628 /* PBXContainerItemProxy */;
		};
/* End PBXTargetDependency section */

/* Begin XCBuildConfiguration section */
		A9E3616C2D5069E3002B1628 /* Debug */ = {
			isa = XCBuildConfiguration;
			buildSettings = {
				ALWAYS_SEARCH_USER_PATHS = NO;
				ASSETCATALOG_COMPILER_GENERATE_SWIFT_ASSET_SYMBOL_EXTENSIONS = YES;
				CLANG_ANALYZER_NONNULL = YES;
				CLANG_ANALYZER_NUMBER_OBJECT_CONVERSION = YES_AGGRESSIVE;
				CLANG_CXX_LANGUAGE_STANDARD = "gnu++20";
				CLANG_ENABLE_MODULES = YES;
				CLANG_ENABLE_OBJC_ARC = YES;
				CLANG_ENABLE_OBJC_WEAK = YES;
				CLANG_WARN_BLOCK_CAPTURE_AUTORELEASING = YES;
				CLANG_WARN_BOOL_CONVERSION = YES;
				CLANG_WARN_COMMA = YES;
				CLANG_WARN_CONSTANT_CONVERSION = YES;
				CLANG_WARN_DEPRECATED_OBJC_IMPLEMENTATIONS = YES;
				CLANG_WARN_DIRECT_OBJC_ISA_USAGE = YES_ERROR;
				CLANG_WARN_DOCUMENTATION_COMMENTS = YES;
				CLANG_WARN_EMPTY_BODY = YES;
				CLANG_WARN_ENUM_CONVERSION = YES;
				CLANG_WARN_INFINITE_RECURSION = YES;
				CLANG_WARN_INT_CONVERSION = YES;
				CLANG_WARN_NON_LITERAL_NULL_CONVERSION = YES;
				CLANG_WARN_OBJC_IMPLICIT_RETAIN_SELF = YES;
				CLANG_WARN_OBJC_LITERAL_CONVERSION = YES;
				CLANG_WARN_OBJC_ROOT_CLASS = YES_ERROR;
				CLANG_WARN_QUOTED_INCLUDE_IN_FRAMEWORK_HEADER = YES;
				CLANG_WARN_RANGE_LOOP_ANALYSIS = YES;
				CLANG_WARN_STRICT_PROTOTYPES = YES;
				CLANG_WARN_SUSPICIOUS_MOVE = YES;
				CLANG_WARN_UNGUARDED_AVAILABILITY = YES_AGGRESSIVE;
				CLANG_WARN_UNREACHABLE_CODE = YES;
				CLANG_WARN__DUPLICATE_METHOD_MATCH = YES;
				COPY_PHASE_STRIP = NO;
				DEBUG_INFORMATION_FORMAT = dwarf;
				ENABLE_STRICT_OBJC_MSGSEND = YES;
				ENABLE_TESTABILITY = YES;
				ENABLE_USER_SCRIPT_SANDBOXING = YES;
				GCC_C_LANGUAGE_STANDARD = gnu17;
				GCC_DYNAMIC_NO_PIC = NO;
				GCC_NO_COMMON_BLOCKS = YES;
				GCC_OPTIMIZATION_LEVEL = 0;
				GCC_PREPROCESSOR_DEFINITIONS = (
					"DEBUG=1",
					"$(inherited)",
				);
				GCC_WARN_64_TO_32_BIT_CONVERSION = YES;
				GCC_WARN_ABOUT_RETURN_TYPE = YES_ERROR;
				GCC_WARN_UNDECLARED_SELECTOR = YES;
				GCC_WARN_UNINITIALIZED_AUTOS = YES_AGGRESSIVE;
				GCC_WARN_UNUSED_FUNCTION = YES;
				GCC_WARN_UNUSED_VARIABLE = YES;
				IPHONEOS_DEPLOYMENT_TARGET = 18.2;
				LOCALIZATION_PREFERS_STRING_CATALOGS = YES;
				MTL_ENABLE_DEBUG_INFO = INCLUDE_SOURCE;
				MTL_FAST_MATH = YES;
				ONLY_ACTIVE_ARCH = YES;
				SDKROOT = iphoneos;
				SWIFT_ACTIVE_COMPILATION_CONDITIONS = "DEBUG $(inherited)";
				SWIFT_OPTIMIZATION_LEVEL = "-Onone";
			};
			name = Debug;
		};
		A9E3616D2D5069E3002B1628 /* Release */ = {
			isa = XCBuildConfiguration;
			buildSettings = {
				ALWAYS_SEARCH_USER_PATHS = NO;
				ASSETCATALOG_COMPILER_GENERATE_SWIFT_ASSET_SYMBOL_EXTENSIONS = YES;
				CLANG_ANALYZER_NONNULL = YES;
				CLANG_ANALYZER_NUMBER_OBJECT_CONVERSION = YES_AGGRESSIVE;
				CLANG_CXX_LANGUAGE_STANDARD = "gnu++20";
				CLANG_ENABLE_MODULES = YES;
				CLANG_ENABLE_OBJC_ARC = YES;
				CLANG_ENABLE_OBJC_WEAK = YES;
				CLANG_WARN_BLOCK_CAPTURE_AUTORELEASING = YES;
				CLANG_WARN_BOOL_CONVERSION = YES;
				CLANG_WARN_COMMA = YES;
				CLANG_WARN_CONSTANT_CONVERSION = YES;
				CLANG_WARN_DEPRECATED_OBJC_IMPLEMENTATIONS = YES;
				CLANG_WARN_DIRECT_OBJC_ISA_USAGE = YES_ERROR;
				CLANG_WARN_DOCUMENTATION_COMMENTS = YES;
				CLANG_WARN_EMPTY_BODY = YES;
				CLANG_WARN_ENUM_CONVERSION = YES;
				CLANG_WARN_INFINITE_RECURSION = YES;
				CLANG_WARN_INT_CONVERSION = YES;
				CLANG_WARN_NON_LITERAL_NULL_CONVERSION = YES;
				CLANG_WARN_OBJC_IMPLICIT_RETAIN_SELF = YES;
				CLANG_WARN_OBJC_LITERAL_CONVERSION = YES;
				CLANG_WARN_OBJC_ROOT_CLASS = YES_ERROR;
				CLANG_WARN_QUOTED_INCLUDE_IN_FRAMEWORK_HEADER = YES;
				CLANG_WARN_RANGE_LOOP_ANALYSIS = YES;
				CLANG_WARN_STRICT_PROTOTYPES = YES;
				CLANG_WARN_SUSPICIOUS_MOVE = YES;
				CLANG_WARN_UNGUARDED_AVAILABILITY = YES_AGGRESSIVE;
				CLANG_WARN_UNREACHABLE_CODE = YES;
				CLANG_WARN__DUPLICATE_METHOD_MATCH = YES;
				COPY_PHASE_STRIP = NO;
				DEBUG_INFORMATION_FORMAT = "dwarf-with-dsym";
				ENABLE_NS_ASSERTIONS = NO;
				ENABLE_STRICT_OBJC_MSGSEND = YES;
				ENABLE_USER_SCRIPT_SANDBOXING = YES;
				GCC_C_LANGUAGE_STANDARD = gnu17;
				GCC_NO_COMMON_BLOCKS = YES;
				GCC_WARN_64_TO_32_BIT_CONVERSION = YES;
				GCC_WARN_ABOUT_RETURN_TYPE = YES_ERROR;
				GCC_WARN_UNDECLARED_SELECTOR = YES;
				GCC_WARN_UNINITIALIZED_AUTOS = YES_AGGRESSIVE;
				GCC_WARN_UNUSED_FUNCTION = YES;
				GCC_WARN_UNUSED_VARIABLE = YES;
				IPHONEOS_DEPLOYMENT_TARGET = 18.2;
				LOCALIZATION_PREFERS_STRING_CATALOGS = YES;
				MTL_ENABLE_DEBUG_INFO = NO;
				MTL_FAST_MATH = YES;
				SDKROOT = iphoneos;
				SWIFT_COMPILATION_MODE = wholemodule;
				VALIDATE_PRODUCT = YES;
			};
			name = Release;
		};
		A9E3616F2D5069E3002B1628 /* Debug */ = {
			isa = XCBuildConfiguration;
			buildSettings = {
				ASSETCATALOG_COMPILER_APPICON_NAME = AppIcon;
				ASSETCATALOG_COMPILER_GLOBAL_ACCENT_COLOR_NAME = AccentColor;
				CODE_SIGN_STYLE = Automatic;
				CURRENT_PROJECT_VERSION = 1;
				DEVELOPMENT_ASSET_PATHS = "\"AI Smart Dating/Preview Content\"";
				ENABLE_PREVIEWS = YES;
				GENERATE_INFOPLIST_FILE = YES;
				INFOPLIST_KEY_UIApplicationSceneManifest_Generation = YES;
				INFOPLIST_KEY_UIApplicationSupportsIndirectInputEvents = YES;
				INFOPLIST_KEY_UILaunchScreen_Generation = YES;
				INFOPLIST_KEY_UISupportedInterfaceOrientations_iPad = "UIInterfaceOrientationPortrait UIInterfaceOrientationPortraitUpsideDown UIInterfaceOrientationLandscapeLeft UIInterfaceOrientationLandscapeRight";
				INFOPLIST_KEY_UISupportedInterfaceOrientations_iPhone = "UIInterfaceOrientationPortrait UIInterfaceOrientationLandscapeLeft UIInterfaceOrientationLandscapeRight";
				LD_RUNPATH_SEARCH_PATHS = (
					"$(inherited)",
					"@executable_path/Frameworks",
				);
				MARKETING_VERSION = 1.0;
				PRODUCT_BUNDLE_IDENTIFIER = "com.alan.AI-Smart-Dating";
				PRODUCT_NAME = "$(TARGET_NAME)";
				SWIFT_EMIT_LOC_STRINGS = YES;
				SWIFT_VERSION = 5.0;
				TARGETED_DEVICE_FAMILY = "1,2";
			};
			name = Debug;
		};
		A9E361702D5069E3002B1628 /* Release */ = {
			isa = XCBuildConfiguration;
			buildSettings = {
				ASSETCATALOG_COMPILER_APPICON_NAME = AppIcon;
				ASSETCATALOG_COMPILER_GLOBAL_ACCENT_COLOR_NAME = AccentColor;
				CODE_SIGN_STYLE = Automatic;
				CURRENT_PROJECT_VERSION = 1;
				DEVELOPMENT_ASSET_PATHS = "\"AI Smart Dating/Preview Content\"";
				ENABLE_PREVIEWS = YES;
				GENERATE_INFOPLIST_FILE = YES;
				INFOPLIST_KEY_UIApplicationSceneManifest_Generation = YES;
				INFOPLIST_KEY_UIApplicationSupportsIndirectInputEvents = YES;
				INFOPLIST_KEY_UILaunchScreen_Generation = YES;
				INFOPLIST_KEY_UISupportedInterfaceOrientations_iPad = "UIInterfaceOrientationPortrait UIInterfaceOrientationPortraitUpsideDown UIInterfaceOrientationLandscapeLeft UIInterfaceOrientationLandscapeRight";
				INFOPLIST_KEY_UISupportedInterfaceOrientations_iPhone = "UIInterfaceOrientationPortrait UIInterfaceOrientationLandscapeLeft UIInterfaceOrientationLandscapeRight";
				LD_RUNPATH_SEARCH_PATHS = (
					"$(inherited)",
					"@executable_path/Frameworks",
				);
				MARKETING_VERSION = 1.0;
				PRODUCT_BUNDLE_IDENTIFIER = "com.alan.AI-Smart-Dating";
				PRODUCT_NAME = "$(TARGET_NAME)";
				SWIFT_EMIT_LOC_STRINGS = YES;
				SWIFT_VERSION = 5.0;
				TARGETED_DEVICE_FAMILY = "1,2";
			};
			name = Release;
		};
		A9E361722D5069E3002B1628 /* Debug */ = {
			isa = XCBuildConfiguration;
			buildSettings = {
				BUNDLE_LOADER = "$(TEST_HOST)";
				CODE_SIGN_STYLE = Automatic;
				CURRENT_PROJECT_VERSION = 1;
				GENERATE_INFOPLIST_FILE = YES;
				IPHONEOS_DEPLOYMENT_TARGET = 18.2;
				MARKETING_VERSION = 1.0;
				PRODUCT_BUNDLE_IDENTIFIER = "com.alan.AI-Smart-DatingTests";
				PRODUCT_NAME = "$(TARGET_NAME)";
				SWIFT_EMIT_LOC_STRINGS = NO;
				SWIFT_VERSION = 5.0;
				TARGETED_DEVICE_FAMILY = "1,2";
				TEST_HOST = "$(BUILT_PRODUCTS_DIR)/AI Smart Dating.app/$(BUNDLE_EXECUTABLE_FOLDER_PATH)/AI Smart Dating";
			};
			name = Debug;
		};
		A9E361732D5069E3002B1628 /* Release */ = {
			isa = XCBuildConfiguration;
			buildSettings = {
				BUNDLE_LOADER = "$(TEST_HOST)";
				CODE_SIGN_STYLE = Automatic;
				CURRENT_PROJECT_VERSION = 1;
				GENERATE_INFOPLIST_FILE = YES;
				IPHONEOS_DEPLOYMENT_TARGET = 18.2;
				MARKETING_VERSION = 1.0;
				PRODUCT_BUNDLE_IDENTIFIER = "com.alan.AI-Smart-DatingTests";
				PRODUCT_NAME = "$(TARGET_NAME)";
				SWIFT_EMIT_LOC_STRINGS = NO;
				SWIFT_VERSION = 5.0;
				TARGETED_DEVICE_FAMILY = "1,2";
				TEST_HOST = "$(BUILT_PRODUCTS_DIR)/AI Smart Dating.app/$(BUNDLE_EXECUTABLE_FOLDER_PATH)/AI Smart Dating";
			};
			name = Release;
		};
		A9E361752D5069E3002B1628 /* Debug */ = {
			isa = XCBuildConfiguration;
			buildSettings = {
				CODE_SIGN_STYLE = Automatic;
				CURRENT_PROJECT_VERSION = 1;
				GENERATE_INFOPLIST_FILE = YES;
				MARKETING_VERSION = 1.0;
				PRODUCT_BUNDLE_IDENTIFIER = "com.alan.AI-Smart-DatingUITests";
				PRODUCT_NAME = "$(TARGET_NAME)";
				SWIFT_EMIT_LOC_STRINGS = NO;
				SWIFT_VERSION = 5.0;
				TARGETED_DEVICE_FAMILY = "1,2";
				TEST_TARGET_NAME = "AI Smart Dating";
			};
			name = Debug;
		};
		A9E361762D5069E3002B1628 /* Release */ = {
			isa = XCBuildConfiguration;
			buildSettings = {
				CODE_SIGN_STYLE = Automatic;
				CURRENT_PROJECT_VERSION = 1;
				GENERATE_INFOPLIST_FILE = YES;
				MARKETING_VERSION = 1.0;
				PRODUCT_BUNDLE_IDENTIFIER = "com.alan.AI-Smart-DatingUITests";
				PRODUCT_NAME = "$(TARGET_NAME)";
				SWIFT_EMIT_LOC_STRINGS = NO;
				SWIFT_VERSION = 5.0;
				TARGETED_DEVICE_FAMILY = "1,2";
				TEST_TARGET_NAME = "AI Smart Dating";
			};
			name = Release;
		};
/* End XCBuildConfiguration section */

/* Begin XCConfigurationList section */
		A9E361432D5069E1002B1628 /* Build configuration list for PBXProject "AI Smart Dating" */ = {
			isa = XCConfigurationList;
			buildConfigurations = (
				A9E3616C2D5069E3002B1628 /* Debug */,
				A9E3616D2D5069E3002B1628 /* Release */,
			);
			defaultConfigurationIsVisible = 0;
			defaultConfigurationName = Release;
		};
		A9E3616E2D5069E3002B1628 /* Build configuration list for PBXNativeTarget "AI Smart Dating" */ = {
			isa = XCConfigurationList;
			buildConfigurations = (
				A9E3616F2D5069E3002B1628 /* Debug */,
				A9E361702D5069E3002B1628 /* Release */,
			);
			defaultConfigurationIsVisible = 0;
			defaultConfigurationName = Release;
		};
		A9E361712D5069E3002B1628 /* Build configuration list for PBXNativeTarget "AI Smart DatingTests" */ = {
			isa = XCConfigurationList;
			buildConfigurations = (
				A9E361722D5069E3002B1628 /* Debug */,
				A9E361732D5069E3002B1628 /* Release */,
			);
			defaultConfigurationIsVisible = 0;
			defaultConfigurationName = Release;
		};
		A9E361742D5069E3002B1628 /* Build configuration list for PBXNativeTarget "AI Smart DatingUITests" */ = {
			isa = XCConfigurationList;
			buildConfigurations = (
				A9E361752D5069E3002B1628 /* Debug */,
				A9E361762D5069E3002B1628 /* Release */,
			);
			defaultConfigurationIsVisible = 0;
			defaultConfigurationName = Release;
		};
/* End XCConfigurationList section */

/* Begin XCRemoteSwiftPackageReference section */
		A9E361772D506DA4002B1628 /* XCRemoteSwiftPackageReference "firebase-ios-sdk" */ = {
			isa = XCRemoteSwiftPackageReference;
			repositoryURL = "https://github.com/firebase/firebase-ios-sdk.git";
			requirement = {
				kind = upToNextMajorVersion;
				minimumVersion = 11.7.0;
			};
		};
/* End XCRemoteSwiftPackageReference section */

/* Begin XCSwiftPackageProductDependency section */
		A9E361782D506DA4002B1628 /* FirebaseAuth */ = {
			isa = XCSwiftPackageProductDependency;
			package = A9E361772D506DA4002B1628 /* XCRemoteSwiftPackageReference "firebase-ios-sdk" */;
			productName = FirebaseAuth;
		};
		A9E3617A2D506DA4002B1628 /* FirebaseStorage */ = {
			isa = XCSwiftPackageProductDependency;
			package = A9E361772D506DA4002B1628 /* XCRemoteSwiftPackageReference "firebase-ios-sdk" */;
			productName = FirebaseStorage;
		};
/* End XCSwiftPackageProductDependency section */
	};
	rootObject = A9E361402D5069E1002B1628 /* Project object */;
}
